// !$*UTF8*$!
{
	archiveVersion = 1;
	classes = {
	};
	objectVersion = 55;
	objects = {

/* Begin PBXBuildFile section */
		7023D59D2764BE430036784A /* NFCReader.swift in Sources */ = {isa = PBXBuildFile; fileRef = 7023D59C2764BE430036784A /* NFCReader.swift */; };
		7023D5A02764E3BA0036784A /* ApexRemote.swift in Sources */ = {isa = PBXBuildFile; fileRef = 7023D59F2764E3BA0036784A /* ApexRemote.swift */; };
		7023D5A227650E500036784A /* LoadingView.swift in Sources */ = {isa = PBXBuildFile; fileRef = 7023D5A127650E500036784A /* LoadingView.swift */; };
		7023D5A4276557B70036784A /* StudentView.swift in Sources */ = {isa = PBXBuildFile; fileRef = 7023D5A3276557B70036784A /* StudentView.swift */; };
		707CBFEE27647AEF00F717FF /* AppDelegate.swift in Sources */ = {isa = PBXBuildFile; fileRef = 707CBFED27647AEF00F717FF /* AppDelegate.swift */; };
		707CBFF027647AEF00F717FF /* SceneDelegate.swift in Sources */ = {isa = PBXBuildFile; fileRef = 707CBFEF27647AEF00F717FF /* SceneDelegate.swift */; };
		707CBFF227647AEF00F717FF /* ViewController.swift in Sources */ = {isa = PBXBuildFile; fileRef = 707CBFF127647AEF00F717FF /* ViewController.swift */; };
		707CBFF527647AEF00F717FF /* Main.storyboard in Resources */ = {isa = PBXBuildFile; fileRef = 707CBFF327647AEF00F717FF /* Main.storyboard */; };
		707CBFF727647AF100F717FF /* Assets.xcassets in Resources */ = {isa = PBXBuildFile; fileRef = 707CBFF627647AF100F717FF /* Assets.xcassets */; };
		707CBFFA27647AF100F717FF /* LaunchScreen.storyboard in Resources */ = {isa = PBXBuildFile; fileRef = 707CBFF827647AF100F717FF /* LaunchScreen.storyboard */; };
		707CC00227647B9200F717FF /* DetailView.swift in Sources */ = {isa = PBXBuildFile; fileRef = 707CC00127647B9200F717FF /* DetailView.swift */; };
		707CC00427647BA600F717FF /* MainView.swift in Sources */ = {isa = PBXBuildFile; fileRef = 707CC00327647BA600F717FF /* MainView.swift */; };
		707CC00927647D0300F717FF /* Photos.swift in Sources */ = {isa = PBXBuildFile; fileRef = 707CC00827647D0300F717FF /* Photos.swift */; };
		707CC00B27647D5900F717FF /* File.swift in Sources */ = {isa = PBXBuildFile; fileRef = 707CC00A27647D5900F717FF /* File.swift */; };
		707CC00D27647E1800F717FF /* FileManager.swift in Sources */ = {isa = PBXBuildFile; fileRef = 707CC00C27647E1800F717FF /* FileManager.swift */; };
		707CC00F27647E8700F717FF /* String+extension.swift in Sources */ = {isa = PBXBuildFile; fileRef = 707CC00E27647E8700F717FF /* String+extension.swift */; };
		707CC01127647EC700F717FF /* Utility.swift in Sources */ = {isa = PBXBuildFile; fileRef = 707CC01027647EC700F717FF /* Utility.swift */; };
		707CC01327647F1900F717FF /* Shared.swift in Sources */ = {isa = PBXBuildFile; fileRef = 707CC01227647F1900F717FF /* Shared.swift */; };
		707CC0152764802B00F717FF /* Ajax.swift in Sources */ = {isa = PBXBuildFile; fileRef = 707CC0142764802B00F717FF /* Ajax.swift */; };
		707CC0172764811800F717FF /* ImageFile.swift in Sources */ = {isa = PBXBuildFile; fileRef = 707CC0162764811800F717FF /* ImageFile.swift */; };
/* End PBXBuildFile section */

/* Begin PBXFileReference section */
		7023D59C2764BE430036784A /* NFCReader.swift */ = {isa = PBXFileReference; lastKnownFileType = sourcecode.swift; path = NFCReader.swift; sourceTree = "<group>"; };
		7023D59E2764C3020036784A /* anthe.entitlements */ = {isa = PBXFileReference; lastKnownFileType = text.plist.entitlements; path = anthe.entitlements; sourceTree = "<group>"; };
		7023D59F2764E3BA0036784A /* ApexRemote.swift */ = {isa = PBXFileReference; lastKnownFileType = sourcecode.swift; path = ApexRemote.swift; sourceTree = "<group>"; };
		7023D5A127650E500036784A /* LoadingView.swift */ = {isa = PBXFileReference; lastKnownFileType = sourcecode.swift; path = LoadingView.swift; sourceTree = "<group>"; };
		7023D5A3276557B70036784A /* StudentView.swift */ = {isa = PBXFileReference; lastKnownFileType = sourcecode.swift; path = StudentView.swift; sourceTree = "<group>"; };
		707CBFEA27647AEF00F717FF /* anthe.app */ = {isa = PBXFileReference; explicitFileType = wrapper.application; includeInIndex = 0; path = anthe.app; sourceTree = BUILT_PRODUCTS_DIR; };
		707CBFED27647AEF00F717FF /* AppDelegate.swift */ = {isa = PBXFileReference; lastKnownFileType = sourcecode.swift; path = AppDelegate.swift; sourceTree = "<group>"; };
		707CBFEF27647AEF00F717FF /* SceneDelegate.swift */ = {isa = PBXFileReference; lastKnownFileType = sourcecode.swift; path = SceneDelegate.swift; sourceTree = "<group>"; };
		707CBFF127647AEF00F717FF /* ViewController.swift */ = {isa = PBXFileReference; lastKnownFileType = sourcecode.swift; path = ViewController.swift; sourceTree = "<group>"; };
		707CBFF427647AEF00F717FF /* Base */ = {isa = PBXFileReference; lastKnownFileType = file.storyboard; name = Base; path = Base.lproj/Main.storyboard; sourceTree = "<group>"; };
		707CBFF627647AF100F717FF /* Assets.xcassets */ = {isa = PBXFileReference; lastKnownFileType = folder.assetcatalog; path = Assets.xcassets; sourceTree = "<group>"; };
		707CBFF927647AF100F717FF /* Base */ = {isa = PBXFileReference; lastKnownFileType = file.storyboard; name = Base; path = Base.lproj/LaunchScreen.storyboard; sourceTree = "<group>"; };
		707CBFFB27647AF100F717FF /* Info.plist */ = {isa = PBXFileReference; lastKnownFileType = text.plist.xml; path = Info.plist; sourceTree = "<group>"; };
		707CC00127647B9200F717FF /* DetailView.swift */ = {isa = PBXFileReference; lastKnownFileType = sourcecode.swift; path = DetailView.swift; sourceTree = "<group>"; };
		707CC00327647BA600F717FF /* MainView.swift */ = {isa = PBXFileReference; lastKnownFileType = sourcecode.swift; path = MainView.swift; sourceTree = "<group>"; };
		707CC00827647D0300F717FF /* Photos.swift */ = {isa = PBXFileReference; lastKnownFileType = sourcecode.swift; path = Photos.swift; sourceTree = "<group>"; };
		707CC00A27647D5900F717FF /* File.swift */ = {isa = PBXFileReference; lastKnownFileType = sourcecode.swift; path = File.swift; sourceTree = "<group>"; };
		707CC00C27647E1800F717FF /* FileManager.swift */ = {isa = PBXFileReference; lastKnownFileType = sourcecode.swift; path = FileManager.swift; sourceTree = "<group>"; };
		707CC00E27647E8700F717FF /* String+extension.swift */ = {isa = PBXFileReference; lastKnownFileType = sourcecode.swift; path = "String+extension.swift"; sourceTree = "<group>"; };
		707CC01027647EC700F717FF /* Utility.swift */ = {isa = PBXFileReference; lastKnownFileType = sourcecode.swift; path = Utility.swift; sourceTree = "<group>"; };
		707CC01227647F1900F717FF /* Shared.swift */ = {isa = PBXFileReference; lastKnownFileType = sourcecode.swift; path = Shared.swift; sourceTree = "<group>"; };
		707CC0142764802B00F717FF /* Ajax.swift */ = {isa = PBXFileReference; lastKnownFileType = sourcecode.swift; path = Ajax.swift; sourceTree = "<group>"; };
		707CC0162764811800F717FF /* ImageFile.swift */ = {isa = PBXFileReference; lastKnownFileType = sourcecode.swift; path = ImageFile.swift; sourceTree = "<group>"; };
/* End PBXFileReference section */

/* Begin PBXFrameworksBuildPhase section */
		707CBFE727647AEF00F717FF /* Frameworks */ = {
			isa = PBXFrameworksBuildPhase;
			buildActionMask = 2147483647;
			files = (
			);
			runOnlyForDeploymentPostprocessing = 0;
		};
/* End PBXFrameworksBuildPhase section */

/* Begin PBXGroup section */
		707CBFE127647AEF00F717FF = {
			isa = PBXGroup;
			children = (
				707CBFEC27647AEF00F717FF /* anthe */,
				707CBFEB27647AEF00F717FF /* Products */,
			);
			sourceTree = "<group>";
		};
		707CBFEB27647AEF00F717FF /* Products */ = {
			isa = PBXGroup;
			children = (
				707CBFEA27647AEF00F717FF /* anthe.app */,
			);
			name = Products;
			sourceTree = "<group>";
		};
		707CBFEC27647AEF00F717FF /* anthe */ = {
			isa = PBXGroup;
			children = (
				7023D59E2764C3020036784A /* anthe.entitlements */,
				707CC00527647BE600F717FF /* Class */,
				707CBFED27647AEF00F717FF /* AppDelegate.swift */,
				707CBFEF27647AEF00F717FF /* SceneDelegate.swift */,
				707CBFF127647AEF00F717FF /* ViewController.swift */,
				707CBFF327647AEF00F717FF /* Main.storyboard */,
				707CBFF627647AF100F717FF /* Assets.xcassets */,
				707CBFF827647AF100F717FF /* LaunchScreen.storyboard */,
				707CBFFB27647AF100F717FF /* Info.plist */,
				707CC00127647B9200F717FF /* DetailView.swift */,
				7023D5A3276557B70036784A /* StudentView.swift */,
				7023D5A127650E500036784A /* LoadingView.swift */,
				707CC00327647BA600F717FF /* MainView.swift */,
			);
			path = anthe;
			sourceTree = "<group>";
		};
		707CC00527647BE600F717FF /* Class */ = {
			isa = PBXGroup;
			children = (
				707CC00827647D0300F717FF /* Photos.swift */,
				707CC00A27647D5900F717FF /* File.swift */,
				707CC00C27647E1800F717FF /* FileManager.swift */,
				707CC00E27647E8700F717FF /* String+extension.swift */,
				707CC01027647EC700F717FF /* Utility.swift */,
				707CC01227647F1900F717FF /* Shared.swift */,
				707CC0142764802B00F717FF /* Ajax.swift */,
				707CC0162764811800F717FF /* ImageFile.swift */,
				7023D59C2764BE430036784A /* NFCReader.swift */,
				7023D59F2764E3BA0036784A /* ApexRemote.swift */,
			);
			path = Class;
			sourceTree = "<group>";
		};
/* End PBXGroup section */

/* Begin PBXNativeTarget section */
		707CBFE927647AEF00F717FF /* anthe */ = {
			isa = PBXNativeTarget;
			buildConfigurationList = 707CBFFE27647AF100F717FF /* Build configuration list for PBXNativeTarget "anthe" */;
			buildPhases = (
				707CBFE627647AEF00F717FF /* Sources */,
				707CBFE727647AEF00F717FF /* Frameworks */,
				707CBFE827647AEF00F717FF /* Resources */,
			);
			buildRules = (
			);
			dependencies = (
			);
			name = anthe;
			productName = anthe;
			productReference = 707CBFEA27647AEF00F717FF /* anthe.app */;
			productType = "com.apple.product-type.application";
		};
/* End PBXNativeTarget section */

/* Begin PBXProject section */
		707CBFE227647AEF00F717FF /* Project object */ = {
			isa = PBXProject;
			attributes = {
				BuildIndependentTargetsInParallel = 1;
				LastSwiftUpdateCheck = 1310;
				LastUpgradeCheck = 1310;
				TargetAttributes = {
					707CBFE927647AEF00F717FF = {
						CreatedOnToolsVersion = 13.1;
					};
				};
			};
			buildConfigurationList = 707CBFE527647AEF00F717FF /* Build configuration list for PBXProject "anthe" */;
			compatibilityVersion = "Xcode 13.0";
			developmentRegion = en;
			hasScannedForEncodings = 0;
			knownRegions = (
				en,
				Base,
			);
			mainGroup = 707CBFE127647AEF00F717FF;
			productRefGroup = 707CBFEB27647AEF00F717FF /* Products */;
			projectDirPath = "";
			projectRoot = "";
			targets = (
				707CBFE927647AEF00F717FF /* anthe */,
			);
		};
/* End PBXProject section */

/* Begin PBXResourcesBuildPhase section */
		707CBFE827647AEF00F717FF /* Resources */ = {
			isa = PBXResourcesBuildPhase;
			buildActionMask = 2147483647;
			files = (
				707CBFFA27647AF100F717FF /* LaunchScreen.storyboard in Resources */,
				707CBFF727647AF100F717FF /* Assets.xcassets in Resources */,
				707CBFF527647AEF00F717FF /* Main.storyboard in Resources */,
			);
			runOnlyForDeploymentPostprocessing = 0;
		};
/* End PBXResourcesBuildPhase section */

/* Begin PBXSourcesBuildPhase section */
		707CBFE627647AEF00F717FF /* Sources */ = {
			isa = PBXSourcesBuildPhase;
			buildActionMask = 2147483647;
			files = (
				707CBFF227647AEF00F717FF /* ViewController.swift in Sources */,
				707CC00227647B9200F717FF /* DetailView.swift in Sources */,
				707CC01127647EC700F717FF /* Utility.swift in Sources */,
				707CBFEE27647AEF00F717FF /* AppDelegate.swift in Sources */,
				707CC0172764811800F717FF /* ImageFile.swift in Sources */,
				7023D5A227650E500036784A /* LoadingView.swift in Sources */,
				707CC00427647BA600F717FF /* MainView.swift in Sources */,
				707CC01327647F1900F717FF /* Shared.swift in Sources */,
				7023D59D2764BE430036784A /* NFCReader.swift in Sources */,
				707CC00B27647D5900F717FF /* File.swift in Sources */,
				707CC00F27647E8700F717FF /* String+extension.swift in Sources */,
				7023D5A4276557B70036784A /* StudentView.swift in Sources */,
				707CC00D27647E1800F717FF /* FileManager.swift in Sources */,
				707CC0152764802B00F717FF /* Ajax.swift in Sources */,
				7023D5A02764E3BA0036784A /* ApexRemote.swift in Sources */,
				707CBFF027647AEF00F717FF /* SceneDelegate.swift in Sources */,
				707CC00927647D0300F717FF /* Photos.swift in Sources */,
			);
			runOnlyForDeploymentPostprocessing = 0;
		};
/* End PBXSourcesBuildPhase section */

/* Begin PBXVariantGroup section */
		707CBFF327647AEF00F717FF /* Main.storyboard */ = {
			isa = PBXVariantGroup;
			children = (
				707CBFF427647AEF00F717FF /* Base */,
			);
			name = Main.storyboard;
			sourceTree = "<group>";
		};
		707CBFF827647AF100F717FF /* LaunchScreen.storyboard */ = {
			isa = PBXVariantGroup;
			children = (
				707CBFF927647AF100F717FF /* Base */,
			);
			name = LaunchScreen.storyboard;
			sourceTree = "<group>";
		};
/* End PBXVariantGroup section */

/* Begin XCBuildConfiguration section */
		707CBFFC27647AF100F717FF /* Debug */ = {
			isa = XCBuildConfiguration;
			buildSettings = {
				ALWAYS_SEARCH_USER_PATHS = NO;
				CLANG_ANALYZER_NONNULL = YES;
				CLANG_ANALYZER_NUMBER_OBJECT_CONVERSION = YES_AGGRESSIVE;
				CLANG_CXX_LANGUAGE_STANDARD = "gnu++17";
				CLANG_CXX_LIBRARY = "libc++";
				CLANG_ENABLE_MODULES = YES;
				CLANG_ENABLE_OBJC_ARC = YES;
				CLANG_ENABLE_OBJC_WEAK = YES;
				CLANG_WARN_BLOCK_CAPTURE_AUTORELEASING = YES;
				CLANG_WARN_BOOL_CONVERSION = YES;
				CLANG_WARN_COMMA = YES;
				CLANG_WARN_CONSTANT_CONVERSION = YES;
				CLANG_WARN_DEPRECATED_OBJC_IMPLEMENTATIONS = YES;
				CLANG_WARN_DIRECT_OBJC_ISA_USAGE = YES_ERROR;
				CLANG_WARN_DOCUMENTATION_COMMENTS = YES;
				CLANG_WARN_EMPTY_BODY = YES;
				CLANG_WARN_ENUM_CONVERSION = YES;
				CLANG_WARN_INFINITE_RECURSION = YES;
				CLANG_WARN_INT_CONVERSION = YES;
				CLANG_WARN_NON_LITERAL_NULL_CONVERSION = YES;
				CLANG_WARN_OBJC_IMPLICIT_RETAIN_SELF = YES;
				CLANG_WARN_OBJC_LITERAL_CONVERSION = YES;
				CLANG_WARN_OBJC_ROOT_CLASS = YES_ERROR;
				CLANG_WARN_QUOTED_INCLUDE_IN_FRAMEWORK_HEADER = YES;
				CLANG_WARN_RANGE_LOOP_ANALYSIS = YES;
				CLANG_WARN_STRICT_PROTOTYPES = YES;
				CLANG_WARN_SUSPICIOUS_MOVE = YES;
				CLANG_WARN_UNGUARDED_AVAILABILITY = YES_AGGRESSIVE;
				CLANG_WARN_UNREACHABLE_CODE = YES;
				CLANG_WARN__DUPLICATE_METHOD_MATCH = YES;
				COPY_PHASE_STRIP = NO;
				DEBUG_INFORMATION_FORMAT = dwarf;
				ENABLE_STRICT_OBJC_MSGSEND = YES;
				ENABLE_TESTABILITY = YES;
				GCC_C_LANGUAGE_STANDARD = gnu11;
				GCC_DYNAMIC_NO_PIC = NO;
				GCC_NO_COMMON_BLOCKS = YES;
				GCC_OPTIMIZATION_LEVEL = 0;
				GCC_PREPROCESSOR_DEFINITIONS = (
					"DEBUG=1",
					"$(inherited)",
				);
				GCC_WARN_64_TO_32_BIT_CONVERSION = YES;
				GCC_WARN_ABOUT_RETURN_TYPE = YES_ERROR;
				GCC_WARN_UNDECLARED_SELECTOR = YES;
				GCC_WARN_UNINITIALIZED_AUTOS = YES_AGGRESSIVE;
				GCC_WARN_UNUSED_FUNCTION = YES;
				GCC_WARN_UNUSED_VARIABLE = YES;
				IPHONEOS_DEPLOYMENT_TARGET = 15.0;
				MTL_ENABLE_DEBUG_INFO = INCLUDE_SOURCE;
				MTL_FAST_MATH = YES;
				ONLY_ACTIVE_ARCH = YES;
				SDKROOT = iphoneos;
				SWIFT_ACTIVE_COMPILATION_CONDITIONS = DEBUG;
				SWIFT_OPTIMIZATION_LEVEL = "-Onone";
			};
			name = Debug;
		};
		707CBFFD27647AF100F717FF /* Release */ = {
			isa = XCBuildConfiguration;
			buildSettings = {
				ALWAYS_SEARCH_USER_PATHS = NO;
				CLANG_ANALYZER_NONNULL = YES;
				CLANG_ANALYZER_NUMBER_OBJECT_CONVERSION = YES_AGGRESSIVE;
				CLANG_CXX_LANGUAGE_STANDARD = "gnu++17";
				CLANG_CXX_LIBRARY = "libc++";
				CLANG_ENABLE_MODULES = YES;
				CLANG_ENABLE_OBJC_ARC = YES;
				CLANG_ENABLE_OBJC_WEAK = YES;
				CLANG_WARN_BLOCK_CAPTURE_AUTORELEASING = YES;
				CLANG_WARN_BOOL_CONVERSION = YES;
				CLANG_WARN_COMMA = YES;
				CLANG_WARN_CONSTANT_CONVERSION = YES;
				CLANG_WARN_DEPRECATED_OBJC_IMPLEMENTATIONS = YES;
				CLANG_WARN_DIRECT_OBJC_ISA_USAGE = YES_ERROR;
				CLANG_WARN_DOCUMENTATION_COMMENTS = YES;
				CLANG_WARN_EMPTY_BODY = YES;
				CLANG_WARN_ENUM_CONVERSION = YES;
				CLANG_WARN_INFINITE_RECURSION = YES;
				CLANG_WARN_INT_CONVERSION = YES;
				CLANG_WARN_NON_LITERAL_NULL_CONVERSION = YES;
				CLANG_WARN_OBJC_IMPLICIT_RETAIN_SELF = YES;
				CLANG_WARN_OBJC_LITERAL_CONVERSION = YES;
				CLANG_WARN_OBJC_ROOT_CLASS = YES_ERROR;
				CLANG_WARN_QUOTED_INCLUDE_IN_FRAMEWORK_HEADER = YES;
				CLANG_WARN_RANGE_LOOP_ANALYSIS = YES;
				CLANG_WARN_STRICT_PROTOTYPES = YES;
				CLANG_WARN_SUSPICIOUS_MOVE = YES;
				CLANG_WARN_UNGUARDED_AVAILABILITY = YES_AGGRESSIVE;
				CLANG_WARN_UNREACHABLE_CODE = YES;
				CLANG_WARN__DUPLICATE_METHOD_MATCH = YES;
				COPY_PHASE_STRIP = NO;
				DEBUG_INFORMATION_FORMAT = "dwarf-with-dsym";
				ENABLE_NS_ASSERTIONS = NO;
				ENABLE_STRICT_OBJC_MSGSEND = YES;
				GCC_C_LANGUAGE_STANDARD = gnu11;
				GCC_NO_COMMON_BLOCKS = YES;
				GCC_WARN_64_TO_32_BIT_CONVERSION = YES;
				GCC_WARN_ABOUT_RETURN_TYPE = YES_ERROR;
				GCC_WARN_UNDECLARED_SELECTOR = YES;
				GCC_WARN_UNINITIALIZED_AUTOS = YES_AGGRESSIVE;
				GCC_WARN_UNUSED_FUNCTION = YES;
				GCC_WARN_UNUSED_VARIABLE = YES;
				IPHONEOS_DEPLOYMENT_TARGET = 15.0;
				MTL_ENABLE_DEBUG_INFO = NO;
				MTL_FAST_MATH = YES;
				SDKROOT = iphoneos;
				SWIFT_COMPILATION_MODE = wholemodule;
				SWIFT_OPTIMIZATION_LEVEL = "-O";
				VALIDATE_PRODUCT = YES;
			};
			name = Release;
		};
		707CBFFF27647AF100F717FF /* Debug */ = {
			isa = XCBuildConfiguration;
			buildSettings = {
				ASSETCATALOG_COMPILER_APPICON_NAME = AppIcon;
				ASSETCATALOG_COMPILER_GLOBAL_ACCENT_COLOR_NAME = AccentColor;
				CODE_SIGN_ENTITLEMENTS = anthe/anthe.entitlements;
				CODE_SIGN_STYLE = Automatic;
				CURRENT_PROJECT_VERSION = 1;
				DEVELOPMENT_TEAM = 4WQ2T93P22;
				GENERATE_INFOPLIST_FILE = YES;
				INFOPLIST_FILE = anthe/Info.plist;
				INFOPLIST_KEY_CFBundleDisplayName = "クラウド保育園";
				INFOPLIST_KEY_NFCReaderUsageDescription = "App is trying to scan NFC using this device";
				INFOPLIST_KEY_NSCameraUsageDescription = "App is trying to access the Camera from this device";
				INFOPLIST_KEY_NSPhotoLibraryAddUsageDescription = "App is trying to access the Photo Library from this device";
				INFOPLIST_KEY_UIApplicationSupportsIndirectInputEvents = YES;
				INFOPLIST_KEY_UILaunchStoryboardName = LaunchScreen;
				INFOPLIST_KEY_UIMainStoryboardFile = Main;
				INFOPLIST_KEY_UISupportedInterfaceOrientations = UIInterfaceOrientationPortrait;
				INFOPLIST_KEY_UISupportedInterfaceOrientations_iPad = "UIInterfaceOrientationPortrait UIInterfaceOrientationPortraitUpsideDown UIInterfaceOrientationLandscapeLeft UIInterfaceOrientationLandscapeRight";
				INFOPLIST_KEY_UISupportedInterfaceOrientations_iPhone = "UIInterfaceOrientationPortrait UIInterfaceOrientationLandscapeLeft UIInterfaceOrientationLandscapeRight";
				LD_RUNPATH_SEARCH_PATHS = (
					"$(inherited)",
					"@executable_path/Frameworks",
				);
				MARKETING_VERSION = 1.0;
				PRODUCT_BUNDLE_IDENTIFIER = com.salesforce.antheapp;
				PRODUCT_NAME = "$(TARGET_NAME)";
				SWIFT_EMIT_LOC_STRINGS = YES;
				SWIFT_VERSION = 5.0;
				TARGETED_DEVICE_FAMILY = 1;
			};
			name = Debug;
		};
		707CC00027647AF100F717FF /* Release */ = {
			isa = XCBuildConfiguration;
			buildSettings = {
				ASSETCATALOG_COMPILER_APPICON_NAME = AppIcon;
				ASSETCATALOG_COMPILER_GLOBAL_ACCENT_COLOR_NAME = AccentColor;
				CODE_SIGN_ENTITLEMENTS = anthe/anthe.entitlements;
				CODE_SIGN_STYLE = Automatic;
				CURRENT_PROJECT_VERSION = 1;
				DEVELOPMENT_TEAM = 4WQ2T93P22;
				GENERATE_INFOPLIST_FILE = YES;
				INFOPLIST_FILE = anthe/Info.plist;
				INFOPLIST_KEY_CFBundleDisplayName = "クラウド保育園";
				INFOPLIST_KEY_NFCReaderUsageDescription = "App is trying to scan NFC using this device";
				INFOPLIST_KEY_NSCameraUsageDescription = "App is trying to access the Camera from this device";
				INFOPLIST_KEY_NSPhotoLibraryAddUsageDescription = "App is trying to access the Photo Library from this device";
				INFOPLIST_KEY_UIApplicationSupportsIndirectInputEvents = YES;
				INFOPLIST_KEY_UILaunchStoryboardName = LaunchScreen;
				INFOPLIST_KEY_UIMainStoryboardFile = Main;
				INFOPLIST_KEY_UISupportedInterfaceOrientations = UIInterfaceOrientationPortrait;
				INFOPLIST_KEY_UISupportedInterfaceOrientations_iPad = "UIInterfaceOrientationPortrait UIInterfaceOrientationPortraitUpsideDown UIInterfaceOrientationLandscapeLeft UIInterfaceOrientationLandscapeRight";
				INFOPLIST_KEY_UISupportedInterfaceOrientations_iPhone = "UIInterfaceOrientationPortrait UIInterfaceOrientationLandscapeLeft UIInterfaceOrientationLandscapeRight";
				LD_RUNPATH_SEARCH_PATHS = (
					"$(inherited)",
					"@executable_path/Frameworks",
				);
				MARKETING_VERSION = 1.0;
				PRODUCT_BUNDLE_IDENTIFIER = com.salesforce.antheapp;
				PRODUCT_NAME = "$(TARGET_NAME)";
				SWIFT_EMIT_LOC_STRINGS = YES;
				SWIFT_VERSION = 5.0;
				TARGETED_DEVICE_FAMILY = 1;
			};
			name = Release;
		};
/* End XCBuildConfiguration section */

/* Begin XCConfigurationList section */
		707CBFE527647AEF00F717FF /* Build configuration list for PBXProject "anthe" */ = {
			isa = XCConfigurationList;
			buildConfigurations = (
				707CBFFC27647AF100F717FF /* Debug */,
				707CBFFD27647AF100F717FF /* Release */,
			);
			defaultConfigurationIsVisible = 0;
			defaultConfigurationName = Release;
		};
		707CBFFE27647AF100F717FF /* Build configuration list for PBXNativeTarget "anthe" */ = {
			isa = XCConfigurationList;
			buildConfigurations = (
				707CBFFF27647AF100F717FF /* Debug */,
				707CC00027647AF100F717FF /* Release */,
			);
			defaultConfigurationIsVisible = 0;
			defaultConfigurationName = Release;
		};
/* End XCConfigurationList section */
	};
	rootObject = 707CBFE227647AEF00F717FF /* Project object */;
}
